
Microsoft Visual Studio Solution File, Format Version 12.00
# Visual Studio Version 17
VisualStudioVersion = 17.0.31912.275
MinimumVisualStudioVersion = 10.0.40219.1
Project("{FAE04EC0-301F-11D3-BF4B-00C04F79EFBC}") = "1-PrimeiroProjeto", "1-PrimeiroProjeto\1-PrimeiroProjeto.csproj", "{B65D8EDE-AB4A-4B7C-8303-7C45995227D6}"
EndProject
Project("{FAE04EC0-301F-11D3-BF4B-00C04F79EFBC}") = "2-CriandoVariaveis", "2-CriandoVariaveis\2-CriandoVariaveis.csproj", "{7BDCF903-CF9A-48D8-8016-B73B45371FEF}"
EndProject
Project("{FAE04EC0-301F-11D3-BF4B-00C04F79EFBC}") = "3-CriandoVariaveisPontoFlutuante", "3-CriandoVariaveisPontoFlutuante\3-CriandoVariaveisPontoFlutuante.csproj", "{F5C80BF7-D4D3-4B0B-BC2A-F4E0D5F7BD64}"
EndProject
Project("{FAE04EC0-301F-11D3-BF4B-00C04F79EFBC}") = "4-ConversoesEOutrosTipos", "4-ConversoesEOutrosTipos\4-ConversoesEOutrosTipos.csproj", "{C558E50C-D022-4439-91F0-FDA8999913AF}"
EndProject
Project("{FAE04EC0-301F-11D3-BF4B-00C04F79EFBC}") = "5-CaracteresETextos", "5-CaracteresETextos\5-CaracteresETextos.csproj", "{4310B592-9898-46B4-9830-063D6109142C}"
EndProject
Project("{FAE04EC0-301F-11D3-BF4B-00C04F79EFBC}") = "6-AtribuicaoVariaveis", "6-AtribuicaoVariaveis\6-AtribuicaoVariaveis.csproj", "{9EB63ABA-8257-4DB3-903E-95DE31C41E54}"
EndProject
Project("{FAE04EC0-301F-11D3-BF4B-00C04F79EFBC}") = "7-Condicionais", "7-Condicionais\7-Condicionais.csproj", "{BD61AADB-9A59-45C8-83C9-7757443346E4}"
EndProject
Project("{FAE04EC0-301F-11D3-BF4B-00C04F79EFBC}") = "8-Condicionais2", "8-Condicionais2\8-Condicionais2.csproj", "{CEAC0941-1461-440D-8AF3-8F9A7AD913A3}"
EndProject
Project("{FAE04EC0-301F-11D3-BF4B-00C04F79EFBC}") = "9-Escopos", "9-Escopos\9-Escopos.csproj", "{8C10828E-0F32-48D2-AE0E-5A3422F0F9FE}"
EndProject
Project("{FAE04EC0-301F-11D3-BF4B-00C04F79EFBC}") = "9.1-Switch", "9.1-Switch\9.1-Switch.csproj", "{52CC686A-6612-4984-A0A5-26A1216EDE6E}"
EndProject
Project("{FAE04EC0-301F-11D3-BF4B-00C04F79EFBC}") = "A10 - While", "A10 - While\A10 - While.csproj", "{396EB1CB-0B5A-4242-BA63-9B9B86CD34A7}"
EndProject
Project("{FAE04EC0-301F-11D3-BF4B-00C04F79EFBC}") = "A11 - For", "A11 - For\A11 - For.csproj", "{5C856DE3-AAC2-457E-ABCE-18E613E7692B}"
EndProject
Global
	GlobalSection(SolutionConfigurationPlatforms) = preSolution
		Debug|Any CPU = Debug|Any CPU
		Release|Any CPU = Release|Any CPU
	EndGlobalSection
	GlobalSection(ProjectConfigurationPlatforms) = postSolution
		{B65D8EDE-AB4A-4B7C-8303-7C45995227D6}.Debug|Any CPU.ActiveCfg = Debug|Any CPU
		{B65D8EDE-AB4A-4B7C-8303-7C45995227D6}.Debug|Any CPU.Build.0 = Debug|Any CPU
		{B65D8EDE-AB4A-4B7C-8303-7C45995227D6}.Release|Any CPU.ActiveCfg = Release|Any CPU
		{B65D8EDE-AB4A-4B7C-8303-7C45995227D6}.Release|Any CPU.Build.0 = Release|Any CPU
		{7BDCF903-CF9A-48D8-8016-B73B45371FEF}.Debug|Any CPU.ActiveCfg = Debug|Any CPU
		{7BDCF903-CF9A-48D8-8016-B73B45371FEF}.Debug|Any CPU.Build.0 = Debug|Any CPU
		{7BDCF903-CF9A-48D8-8016-B73B45371FEF}.Release|Any CPU.ActiveCfg = Release|Any CPU
		{7BDCF903-CF9A-48D8-8016-B73B45371FEF}.Release|Any CPU.Build.0 = Release|Any CPU
		{F5C80BF7-D4D3-4B0B-BC2A-F4E0D5F7BD64}.Debug|Any CPU.ActiveCfg = Debug|Any CPU
		{F5C80BF7-D4D3-4B0B-BC2A-F4E0D5F7BD64}.Debug|Any CPU.Build.0 = Debug|Any CPU
		{F5C80BF7-D4D3-4B0B-BC2A-F4E0D5F7BD64}.Release|Any CPU.ActiveCfg = Release|Any CPU
		{F5C80BF7-D4D3-4B0B-BC2A-F4E0D5F7BD64}.Release|Any CPU.Build.0 = Release|Any CPU
		{C558E50C-D022-4439-91F0-FDA8999913AF}.Debug|Any CPU.ActiveCfg = Debug|Any CPU
		{C558E50C-D022-4439-91F0-FDA8999913AF}.Debug|Any CPU.Build.0 = Debug|Any CPU
		{C558E50C-D022-4439-91F0-FDA8999913AF}.Release|Any CPU.ActiveCfg = Release|Any CPU
		{C558E50C-D022-4439-91F0-FDA8999913AF}.Release|Any CPU.Build.0 = Release|Any CPU
		{4310B592-9898-46B4-9830-063D6109142C}.Debug|Any CPU.ActiveCfg = Debug|Any CPU
		{4310B592-9898-46B4-9830-063D6109142C}.Debug|Any CPU.Build.0 = Debug|Any CPU
		{4310B592-9898-46B4-9830-063D6109142C}.Release|Any CPU.ActiveCfg = Release|Any CPU
		{4310B592-9898-46B4-9830-063D6109142C}.Release|Any CPU.Build.0 = Release|Any CPU
		{9EB63ABA-8257-4DB3-903E-95DE31C41E54}.Debug|Any CPU.ActiveCfg = Debug|Any CPU
		{9EB63ABA-8257-4DB3-903E-95DE31C41E54}.Debug|Any CPU.Build.0 = Debug|Any CPU
		{9EB63ABA-8257-4DB3-903E-95DE31C41E54}.Release|Any CPU.ActiveCfg = Release|Any CPU
		{9EB63ABA-8257-4DB3-903E-95DE31C41E54}.Release|Any CPU.Build.0 = Release|Any CPU
		{BD61AADB-9A59-45C8-83C9-7757443346E4}.Debug|Any CPU.ActiveCfg = Debug|Any CPU
		{BD61AADB-9A59-45C8-83C9-7757443346E4}.Debug|Any CPU.Build.0 = Debug|Any CPU
		{BD61AADB-9A59-45C8-83C9-7757443346E4}.Release|Any CPU.ActiveCfg = Release|Any CPU
		{BD61AADB-9A59-45C8-83C9-7757443346E4}.Release|Any CPU.Build.0 = Release|Any CPU
		{CEAC0941-1461-440D-8AF3-8F9A7AD913A3}.Debug|Any CPU.ActiveCfg = Debug|Any CPU
		{CEAC0941-1461-440D-8AF3-8F9A7AD913A3}.Debug|Any CPU.Build.0 = Debug|Any CPU
		{CEAC0941-1461-440D-8AF3-8F9A7AD913A3}.Release|Any CPU.ActiveCfg = Release|Any CPU
		{CEAC0941-1461-440D-8AF3-8F9A7AD913A3}.Release|Any CPU.Build.0 = Release|Any CPU
		{8C10828E-0F32-48D2-AE0E-5A3422F0F9FE}.Debug|Any CPU.ActiveCfg = Debug|Any CPU
		{8C10828E-0F32-48D2-AE0E-5A3422F0F9FE}.Debug|Any CPU.Build.0 = Debug|Any CPU
		{8C10828E-0F32-48D2-AE0E-5A3422F0F9FE}.Release|Any CPU.ActiveCfg = Release|Any CPU
		{8C10828E-0F32-48D2-AE0E-5A3422F0F9FE}.Release|Any CPU.Build.0 = Release|Any CPU
		{52CC686A-6612-4984-A0A5-26A1216EDE6E}.Debug|Any CPU.ActiveCfg = Debug|Any CPU
		{52CC686A-6612-4984-A0A5-26A1216EDE6E}.Debug|Any CPU.Build.0 = Debug|Any CPU
		{52CC686A-6612-4984-A0A5-26A1216EDE6E}.Release|Any CPU.ActiveCfg = Release|Any CPU
		{52CC686A-6612-4984-A0A5-26A1216EDE6E}.Release|Any CPU.Build.0 = Release|Any CPU
		{396EB1CB-0B5A-4242-BA63-9B9B86CD34A7}.Debug|Any CPU.ActiveCfg = Debug|Any CPU
		{396EB1CB-0B5A-4242-BA63-9B9B86CD34A7}.Debug|Any CPU.Build.0 = Debug|Any CPU
		{396EB1CB-0B5A-4242-BA63-9B9B86CD34A7}.Release|Any CPU.ActiveCfg = Release|Any CPU
		{396EB1CB-0B5A-4242-BA63-9B9B86CD34A7}.Release|Any CPU.Build.0 = Release|Any CPU
		{5C856DE3-AAC2-457E-ABCE-18E613E7692B}.Debug|Any CPU.ActiveCfg = Debug|Any CPU
		{5C856DE3-AAC2-457E-ABCE-18E613E7692B}.Debug|Any CPU.Build.0 = Debug|Any CPU
		{5C856DE3-AAC2-457E-ABCE-18E613E7692B}.Release|Any CPU.ActiveCfg = Release|Any CPU
		{5C856DE3-AAC2-457E-ABCE-18E613E7692B}.Release|Any CPU.Build.0 = Release|Any CPU
	EndGlobalSection
	GlobalSection(SolutionProperties) = preSolution
		HideSolutionNode = FALSE
	EndGlobalSection
	GlobalSection(ExtensibilityGlobals) = postSolution
		SolutionGuid = {B798BA20-5A2D-416F-A07A-3B3FCF4CE8D3}
	EndGlobalSection
EndGlobal
